
Microsoft Visual Studio Solution File, Format Version 12.00
# Visual Studio Version 16
VisualStudioVersion = 16.0.31613.86
MinimumVisualStudioVersion = 10.0.40219.1
Project("{FAE04EC0-301F-11D3-BF4B-00C04F79EFBC}") = "NBS.EntityFrameworkCore.SqlServer.TryParse", "NBS.EntityFrameworkCore.SqlServer.TryParse\NBS.EntityFrameworkCore.SqlServer.TryParse.csproj", "{4209CA51-7A84-4DBE-A0E4-1E19AC064C1D}"
EndProject
Project("{FAE04EC0-301F-11D3-BF4B-00C04F79EFBC}") = "NBS.EntityFrameworkCore.SqlServer.TryParse.Tests", "NBS.EntityFrameworkCore.SqlServer.TryParse.Tests\NBS.EntityFrameworkCore.SqlServer.TryParse.Tests.csproj", "{4587B026-DCE5-4BEE-833B-5A9BAA55D544}"
EndProject
Global
	GlobalSection(SolutionConfigurationPlatforms) = preSolution
		Debug|Any CPU = Debug|Any CPU
		Release|Any CPU = Release|Any CPU
	EndGlobalSection
	GlobalSection(ProjectConfigurationPlatforms) = postSolution
		{4209CA51-7A84-4DBE-A0E4-1E19AC064C1D}.Debug|Any CPU.ActiveCfg = Debug|Any CPU
		{4209CA51-7A84-4DBE-A0E4-1E19AC064C1D}.Debug|Any CPU.Build.0 = Debug|Any CPU
		{4209CA51-7A84-4DBE-A0E4-1E19AC064C1D}.Release|Any CPU.ActiveCfg = Release|Any CPU
		{4209CA51-7A84-4DBE-A0E4-1E19AC064C1D}.Release|Any CPU.Build.0 = Release|Any CPU
		{4587B026-DCE5-4BEE-833B-5A9BAA55D544}.Debug|Any CPU.ActiveCfg = Debug|Any CPU
		{4587B026-DCE5-4BEE-833B-5A9BAA55D544}.Debug|Any CPU.Build.0 = Debug|Any CPU
		{4587B026-DCE5-4BEE-833B-5A9BAA55D544}.Release|Any CPU.ActiveCfg = Release|Any CPU
		{4587B026-DCE5-4BEE-833B-5A9BAA55D544}.Release|Any CPU.Build.0 = Release|Any CPU
	EndGlobalSection
	GlobalSection(SolutionProperties) = preSolution
		HideSolutionNode = FALSE
	EndGlobalSection
	GlobalSection(ExtensibilityGlobals) = postSolution
		SolutionGuid = {FBB27A70-5830-49FC-912D-F40D72EDE149}
	EndGlobalSection
EndGlobal
